
Microsoft Visual Studio Solution File, Format Version 12.00
# Visual Studio Version 17
VisualStudioVersion = 17.3.32825.248
MinimumVisualStudioVersion = 10.0.40219.1
Project("{9A19103F-16F7-4668-BE54-9A1E7A4F7556}") = "IoTNexerAPI", "IoTNexerAPI.csproj", "{12D690C5-1045-48BB-A333-71B48BA08810}"
EndProject
Project("{FAE04EC0-301F-11D3-BF4B-00C04F79EFBC}") = "NexerAPITests", "..\NexerAPITests\NexerAPITests.csproj", "{B356C955-FA59-4416-B23D-A48F75652FA6}"
EndProject
Global
	GlobalSection(SolutionConfigurationPlatforms) = preSolution
		Debug|Any CPU = Debug|Any CPU
		Release|Any CPU = Release|Any CPU
	EndGlobalSection
	GlobalSection(ProjectConfigurationPlatforms) = postSolution
		{12D690C5-1045-48BB-A333-71B48BA08810}.Debug|Any CPU.ActiveCfg = Debug|Any CPU
		{12D690C5-1045-48BB-A333-71B48BA08810}.Debug|Any CPU.Build.0 = Debug|Any CPU
		{12D690C5-1045-48BB-A333-71B48BA08810}.Release|Any CPU.ActiveCfg = Release|Any CPU
		{12D690C5-1045-48BB-A333-71B48BA08810}.Release|Any CPU.Build.0 = Release|Any CPU
		{B356C955-FA59-4416-B23D-A48F75652FA6}.Debug|Any CPU.ActiveCfg = Debug|Any CPU
		{B356C955-FA59-4416-B23D-A48F75652FA6}.Debug|Any CPU.Build.0 = Debug|Any CPU
		{B356C955-FA59-4416-B23D-A48F75652FA6}.Release|Any CPU.ActiveCfg = Release|Any CPU
		{B356C955-FA59-4416-B23D-A48F75652FA6}.Release|Any CPU.Build.0 = Release|Any CPU
	EndGlobalSection
	GlobalSection(SolutionProperties) = preSolution
		HideSolutionNode = FALSE
	EndGlobalSection
	GlobalSection(ExtensibilityGlobals) = postSolution
		SolutionGuid = {F62478AD-3690-45F1-B321-67EAA2FE9F9D}
	EndGlobalSection
EndGlobal
